
Microsoft Visual Studio Solution File, Format Version 12.00
# Visual Studio Version 17
VisualStudioVersion = 17.14.36930.0 d17.14
MinimumVisualStudioVersion = 10.0.40219.1
Project("{8BC9CEB8-8B4A-11D0-8D11-00A0C91BC942}") = "Daylight", "Daylight\Daylight.vcxproj", "{76961735-29E8-47F4-9F8D-E884F81D38AD}"
EndProject
Global
	GlobalSection(SolutionConfigurationPlatforms) = preSolution
		Debug|x64 = Debug|x64
		Debug|x86 = Debug|x86
		Release|x64 = Release|x64
		Release|x86 = Release|x86
	EndGlobalSection
	GlobalSection(ProjectConfigurationPlatforms) = postSolution
		{76961735-29E8-47F4-9F8D-E884F81D38AD}.Debug|x64.ActiveCfg = Debug|x64
		{76961735-29E8-47F4-9F8D-E884F81D38AD}.Debug|x64.Build.0 = Debug|x64
		{76961735-29E8-47F4-9F8D-E884F81D38AD}.Debug|x86.ActiveCfg = Debug|Win32
		{76961735-29E8-47F4-9F8D-E884F81D38AD}.Debug|x86.Build.0 = Debug|Win32
		{76961735-29E8-47F4-9F8D-E884F81D38AD}.Release|x64.ActiveCfg = Release|x64
		{76961735-29E8-47F4-9F8D-E884F81D38AD}.Release|x64.Build.0 = Release|x64
		{76961735-29E8-47F4-9F8D-E884F81D38AD}.Release|x86.ActiveCfg = Release|Win32
		{76961735-29E8-47F4-9F8D-E884F81D38AD}.Release|x86.Build.0 = Release|Win32
	EndGlobalSection
	GlobalSection(SolutionProperties) = preSolution
		HideSolutionNode = FALSE
	EndGlobalSection
	GlobalSection(ExtensibilityGlobals) = postSolution
		SolutionGuid = {DFE41000-9123-4D4C-891E-922D2FADBAEA}
	EndGlobalSection
EndGlobal
